
Microsoft Visual Studio Solution File, Format Version 12.00
# Visual Studio Version 17
VisualStudioVersion = 17.3.32929.385
MinimumVisualStudioVersion = 10.0.40219.1
Project("{FAE04EC0-301F-11D3-BF4B-00C04F79EFBC}") = "Cooking App", "Cooking App\Cooking App.csproj", "{5234AF91-3887-42DD-899A-D75C97D15E61}"
EndProject
Project("{FAE04EC0-301F-11D3-BF4B-00C04F79EFBC}") = "CookingApp.Test", "CookingApp.Test\CookingApp.Test.csproj", "{7C6C99E7-3C70-4D9A-8F6D-42E4C72E81A3}"
EndProject
Project("{FAE04EC0-301F-11D3-BF4B-00C04F79EFBC}") = "Cooking_WebApi", "Cooking_WebApi\Cooking_WebApi.csproj", "{4EEC7D0E-8E34-419E-A810-FA42A9DCBA86}"
EndProject
Global
	GlobalSection(SolutionConfigurationPlatforms) = preSolution
		Debug|Any CPU = Debug|Any CPU
		Release|Any CPU = Release|Any CPU
	EndGlobalSection
	GlobalSection(ProjectConfigurationPlatforms) = postSolution
		{5234AF91-3887-42DD-899A-D75C97D15E61}.Debug|Any CPU.ActiveCfg = Debug|Any CPU
		{5234AF91-3887-42DD-899A-D75C97D15E61}.Debug|Any CPU.Build.0 = Debug|Any CPU
		{5234AF91-3887-42DD-899A-D75C97D15E61}.Release|Any CPU.ActiveCfg = Release|Any CPU
		{5234AF91-3887-42DD-899A-D75C97D15E61}.Release|Any CPU.Build.0 = Release|Any CPU
		{7C6C99E7-3C70-4D9A-8F6D-42E4C72E81A3}.Debug|Any CPU.ActiveCfg = Debug|Any CPU
		{7C6C99E7-3C70-4D9A-8F6D-42E4C72E81A3}.Debug|Any CPU.Build.0 = Debug|Any CPU
		{7C6C99E7-3C70-4D9A-8F6D-42E4C72E81A3}.Release|Any CPU.ActiveCfg = Release|Any CPU
		{7C6C99E7-3C70-4D9A-8F6D-42E4C72E81A3}.Release|Any CPU.Build.0 = Release|Any CPU
		{4EEC7D0E-8E34-419E-A810-FA42A9DCBA86}.Debug|Any CPU.ActiveCfg = Debug|Any CPU
		{4EEC7D0E-8E34-419E-A810-FA42A9DCBA86}.Debug|Any CPU.Build.0 = Debug|Any CPU
		{4EEC7D0E-8E34-419E-A810-FA42A9DCBA86}.Release|Any CPU.ActiveCfg = Release|Any CPU
		{4EEC7D0E-8E34-419E-A810-FA42A9DCBA86}.Release|Any CPU.Build.0 = Release|Any CPU
	EndGlobalSection
	GlobalSection(SolutionProperties) = preSolution
		HideSolutionNode = FALSE
	EndGlobalSection
	GlobalSection(ExtensibilityGlobals) = postSolution
		SolutionGuid = {61757021-3D2E-4BC0-9193-F639D3DC1666}
	EndGlobalSection
EndGlobal
